
Microsoft Visual Studio Solution File, Format Version 12.00
# Visual Studio Version 16
VisualStudioVersion = 16.0.31729.503
MinimumVisualStudioVersion = 10.0.40219.1
Project("{FAE04EC0-301F-11D3-BF4B-00C04F79EFBC}") = "WoojerArmaExtension", "WoojerArmaExtension\WoojerArmaExtension.csproj", "{7BAAD0AC-BAA3-4A05-BCF2-7B744D1BFEDD}"
EndProject
Global
	GlobalSection(SolutionConfigurationPlatforms) = preSolution
		Debug|Any CPU = Debug|Any CPU
		Release|Any CPU = Release|Any CPU
	EndGlobalSection
	GlobalSection(ProjectConfigurationPlatforms) = postSolution
		{7BAAD0AC-BAA3-4A05-BCF2-7B744D1BFEDD}.Debug|Any CPU.ActiveCfg = Debug|Any CPU
		{7BAAD0AC-BAA3-4A05-BCF2-7B744D1BFEDD}.Debug|Any CPU.Build.0 = Debug|Any CPU
		{7BAAD0AC-BAA3-4A05-BCF2-7B744D1BFEDD}.Release|Any CPU.ActiveCfg = Release|Any CPU
		{7BAAD0AC-BAA3-4A05-BCF2-7B744D1BFEDD}.Release|Any CPU.Build.0 = Release|Any CPU
	EndGlobalSection
	GlobalSection(SolutionProperties) = preSolution
		HideSolutionNode = FALSE
	EndGlobalSection
	GlobalSection(ExtensibilityGlobals) = postSolution
		SolutionGuid = {4E565DA2-6025-40F7-97CD-5FC42A95EDAF}
	EndGlobalSection
EndGlobal
